// !$*UTF8*$!
{
	archiveVersion = 1;
	classes = {
	};
	objectVersion = 56;
	objects = {

/* Begin PBXBuildFile section */
		F4483B6D296AC6B5004F39DD /* Sample.swift in Sources */ = {isa = PBXBuildFile; fileRef = F4483B6C296AC6B5004F39DD /* Sample.swift */; };
		F48D79A0296A2BDA00CB3E87 /* CreatingArray.swift in Sources */ = {isa = PBXBuildFile; fileRef = F48D799F296A2BDA00CB3E87 /* CreatingArray.swift */; };
		F48D79A2296A2D3600CB3E87 /* OperatingOnArrays.swift in Sources */ = {isa = PBXBuildFile; fileRef = F48D79A1296A2D3600CB3E87 /* OperatingOnArrays.swift */; };
		F4EEBC882969C54E007F0D5C /* main.swift in Sources */ = {isa = PBXBuildFile; fileRef = F4EEBC872969C54E007F0D5C /* main.swift */; };
/* End PBXBuildFile section */

/* Begin PBXCopyFilesBuildPhase section */
		F4EEBC822969C54E007F0D5C /* CopyFiles */ = {
			isa = PBXCopyFilesBuildPhase;
			buildActionMask = 2147483647;
			dstPath = /usr/share/man/man1/;
			dstSubfolderSpec = 0;
			files = (
			);
			runOnlyForDeploymentPostprocessing = 1;
		};
/* End PBXCopyFilesBuildPhase section */

/* Begin PBXFileReference section */
		F4483B6C296AC6B5004F39DD /* Sample.swift */ = {isa = PBXFileReference; lastKnownFileType = sourcecode.swift; path = Sample.swift; sourceTree = "<group>"; };
		F48D799E296A232A00CB3E87 /* README.md */ = {isa = PBXFileReference; lastKnownFileType = net.daringfireball.markdown; path = README.md; sourceTree = "<group>"; };
		F48D799F296A2BDA00CB3E87 /* CreatingArray.swift */ = {isa = PBXFileReference; lastKnownFileType = sourcecode.swift; path = CreatingArray.swift; sourceTree = "<group>"; };
		F48D79A1296A2D3600CB3E87 /* OperatingOnArrays.swift */ = {isa = PBXFileReference; lastKnownFileType = sourcecode.swift; path = OperatingOnArrays.swift; sourceTree = "<group>"; };
		F4EEBC842969C54E007F0D5C /* Arrays */ = {isa = PBXFileReference; explicitFileType = "compiled.mach-o.executable"; includeInIndex = 0; path = Arrays; sourceTree = BUILT_PRODUCTS_DIR; };
		F4EEBC872969C54E007F0D5C /* main.swift */ = {isa = PBXFileReference; lastKnownFileType = sourcecode.swift; path = main.swift; sourceTree = "<group>"; };
/* End PBXFileReference section */

/* Begin PBXFrameworksBuildPhase section */
		F4EEBC812969C54E007F0D5C /* Frameworks */ = {
			isa = PBXFrameworksBuildPhase;
			buildActionMask = 2147483647;
			files = (
			);
			runOnlyForDeploymentPostprocessing = 0;
		};
/* End PBXFrameworksBuildPhase section */

/* Begin PBXGroup section */
		F4EEBC7B2969C54E007F0D5C = {
			isa = PBXGroup;
			children = (
				F48D799E296A232A00CB3E87 /* README.md */,
				F4EEBC862969C54E007F0D5C /* Arrays */,
				F4EEBC852969C54E007F0D5C /* Products */,
			);
			sourceTree = "<group>";
		};
		F4EEBC852969C54E007F0D5C /* Products */ = {
			isa = PBXGroup;
			children = (
				F4EEBC842969C54E007F0D5C /* Arrays */,
			);
			name = Products;
			sourceTree = "<group>";
		};
		F4EEBC862969C54E007F0D5C /* Arrays */ = {
			isa = PBXGroup;
			children = (
				F4EEBC872969C54E007F0D5C /* main.swift */,
				F48D799F296A2BDA00CB3E87 /* CreatingArray.swift */,
				F48D79A1296A2D3600CB3E87 /* OperatingOnArrays.swift */,
				F4483B6C296AC6B5004F39DD /* Sample.swift */,
			);
			path = Arrays;
			sourceTree = "<group>";
		};
/* End PBXGroup section */

/* Begin PBXNativeTarget section */
		F4EEBC832969C54E007F0D5C /* Arrays */ = {
			isa = PBXNativeTarget;
			buildConfigurationList = F4EEBC8B2969C54E007F0D5C /* Build configuration list for PBXNativeTarget "Arrays" */;
			buildPhases = (
				F4EEBC802969C54E007F0D5C /* Sources */,
				F4EEBC812969C54E007F0D5C /* Frameworks */,
				F4EEBC822969C54E007F0D5C /* CopyFiles */,
			);
			buildRules = (
			);
			dependencies = (
			);
			name = Arrays;
			productName = Arrays;
			productReference = F4EEBC842969C54E007F0D5C /* Arrays */;
			productType = "com.apple.product-type.tool";
		};
/* End PBXNativeTarget section */

/* Begin PBXProject section */
		F4EEBC7C2969C54E007F0D5C /* Project object */ = {
			isa = PBXProject;
			attributes = {
				BuildIndependentTargetsInParallel = 1;
				LastSwiftUpdateCheck = 1410;
				LastUpgradeCheck = 1410;
				TargetAttributes = {
					F4EEBC832969C54E007F0D5C = {
						CreatedOnToolsVersion = 14.1;
					};
				};
			};
			buildConfigurationList = F4EEBC7F2969C54E007F0D5C /* Build configuration list for PBXProject "Arrays" */;
			compatibilityVersion = "Xcode 14.0";
			developmentRegion = en;
			hasScannedForEncodings = 0;
			knownRegions = (
				en,
				Base,
			);
			mainGroup = F4EEBC7B2969C54E007F0D5C;
			productRefGroup = F4EEBC852969C54E007F0D5C /* Products */;
			projectDirPath = "";
			projectRoot = "";
			targets = (
				F4EEBC832969C54E007F0D5C /* Arrays */,
			);
		};
/* End PBXProject section */

/* Begin PBXSourcesBuildPhase section */
		F4EEBC802969C54E007F0D5C /* Sources */ = {
			isa = PBXSourcesBuildPhase;
			buildActionMask = 2147483647;
			files = (
				F48D79A0296A2BDA00CB3E87 /* CreatingArray.swift in Sources */,
				F4483B6D296AC6B5004F39DD /* Sample.swift in Sources */,
				F4EEBC882969C54E007F0D5C /* main.swift in Sources */,
				F48D79A2296A2D3600CB3E87 /* OperatingOnArrays.swift in Sources */,
			);
			runOnlyForDeploymentPostprocessing = 0;
		};
/* End PBXSourcesBuildPhase section */

/* Begin XCBuildConfiguration section */
		F4EEBC892969C54E007F0D5C /* Debug */ = {
			isa = XCBuildConfiguration;
			buildSettings = {
				ALWAYS_SEARCH_USER_PATHS = NO;
				CLANG_ANALYZER_NONNULL = YES;
				CLANG_ANALYZER_NUMBER_OBJECT_CONVERSION = YES_AGGRESSIVE;
				CLANG_CXX_LANGUAGE_STANDARD = "gnu++20";
				CLANG_ENABLE_MODULES = YES;
				CLANG_ENABLE_OBJC_ARC = YES;
				CLANG_ENABLE_OBJC_WEAK = YES;
				CLANG_WARN_BLOCK_CAPTURE_AUTORELEASING = YES;
				CLANG_WARN_BOOL_CONVERSION = YES;
				CLANG_WARN_COMMA = YES;
				CLANG_WARN_CONSTANT_CONVERSION = YES;
				CLANG_WARN_DEPRECATED_OBJC_IMPLEMENTATIONS = YES;
				CLANG_WARN_DIRECT_OBJC_ISA_USAGE = YES_ERROR;
				CLANG_WARN_DOCUMENTATION_COMMENTS = YES;
				CLANG_WARN_EMPTY_BODY = YES;
				CLANG_WARN_ENUM_CONVERSION = YES;
				CLANG_WARN_INFINITE_RECURSION = YES;
				CLANG_WARN_INT_CONVERSION = YES;
				CLANG_WARN_NON_LITERAL_NULL_CONVERSION = YES;
				CLANG_WARN_OBJC_IMPLICIT_RETAIN_SELF = YES;
				CLANG_WARN_OBJC_LITERAL_CONVERSION = YES;
				CLANG_WARN_OBJC_ROOT_CLASS = YES_ERROR;
				CLANG_WARN_QUOTED_INCLUDE_IN_FRAMEWORK_HEADER = YES;
				CLANG_WARN_RANGE_LOOP_ANALYSIS = YES;
				CLANG_WARN_STRICT_PROTOTYPES = YES;
				CLANG_WARN_SUSPICIOUS_MOVE = YES;
				CLANG_WARN_UNGUARDED_AVAILABILITY = YES_AGGRESSIVE;
				CLANG_WARN_UNREACHABLE_CODE = YES;
				CLANG_WARN__DUPLICATE_METHOD_MATCH = YES;
				COPY_PHASE_STRIP = NO;
				DEBUG_INFORMATION_FORMAT = dwarf;
				ENABLE_STRICT_OBJC_MSGSEND = YES;
				ENABLE_TESTABILITY = YES;
				GCC_C_LANGUAGE_STANDARD = gnu11;
				GCC_DYNAMIC_NO_PIC = NO;
				GCC_NO_COMMON_BLOCKS = YES;
				GCC_OPTIMIZATION_LEVEL = 0;
				GCC_PREPROCESSOR_DEFINITIONS = (
					"DEBUG=1",
					"$(inherited)",
				);
				GCC_WARN_64_TO_32_BIT_CONVERSION = YES;
				GCC_WARN_ABOUT_RETURN_TYPE = YES_ERROR;
				GCC_WARN_UNDECLARED_SELECTOR = YES;
				GCC_WARN_UNINITIALIZED_AUTOS = YES_AGGRESSIVE;
				GCC_WARN_UNUSED_FUNCTION = YES;
				GCC_WARN_UNUSED_VARIABLE = YES;
				MACOSX_DEPLOYMENT_TARGET = 13.0;
				MTL_ENABLE_DEBUG_INFO = INCLUDE_SOURCE;
				MTL_FAST_MATH = YES;
				ONLY_ACTIVE_ARCH = YES;
				SDKROOT = macosx;
				SWIFT_ACTIVE_COMPILATION_CONDITIONS = DEBUG;
				SWIFT_OPTIMIZATION_LEVEL = "-Onone";
			};
			name = Debug;
		};
		F4EEBC8A2969C54E007F0D5C /* Release */ = {
			isa = XCBuildConfiguration;
			buildSettings = {
				ALWAYS_SEARCH_USER_PATHS = NO;
				CLANG_ANALYZER_NONNULL = YES;
				CLANG_ANALYZER_NUMBER_OBJECT_CONVERSION = YES_AGGRESSIVE;
				CLANG_CXX_LANGUAGE_STANDARD = "gnu++20";
				CLANG_ENABLE_MODULES = YES;
				CLANG_ENABLE_OBJC_ARC = YES;
				CLANG_ENABLE_OBJC_WEAK = YES;
				CLANG_WARN_BLOCK_CAPTURE_AUTORELEASING = YES;
				CLANG_WARN_BOOL_CONVERSION = YES;
				CLANG_WARN_COMMA = YES;
				CLANG_WARN_CONSTANT_CONVERSION = YES;
				CLANG_WARN_DEPRECATED_OBJC_IMPLEMENTATIONS = YES;
				CLANG_WARN_DIRECT_OBJC_ISA_USAGE = YES_ERROR;
				CLANG_WARN_DOCUMENTATION_COMMENTS = YES;
				CLANG_WARN_EMPTY_BODY = YES;
				CLANG_WARN_ENUM_CONVERSION = YES;
				CLANG_WARN_INFINITE_RECURSION = YES;
				CLANG_WARN_INT_CONVERSION = YES;
				CLANG_WARN_NON_LITERAL_NULL_CONVERSION = YES;
				CLANG_WARN_OBJC_IMPLICIT_RETAIN_SELF = YES;
				CLANG_WARN_OBJC_LITERAL_CONVERSION = YES;
				CLANG_WARN_OBJC_ROOT_CLASS = YES_ERROR;
				CLANG_WARN_QUOTED_INCLUDE_IN_FRAMEWORK_HEADER = YES;
				CLANG_WARN_RANGE_LOOP_ANALYSIS = YES;
				CLANG_WARN_STRICT_PROTOTYPES = YES;
				CLANG_WARN_SUSPICIOUS_MOVE = YES;
				CLANG_WARN_UNGUARDED_AVAILABILITY = YES_AGGRESSIVE;
				CLANG_WARN_UNREACHABLE_CODE = YES;
				CLANG_WARN__DUPLICATE_METHOD_MATCH = YES;
				COPY_PHASE_STRIP = NO;
				DEBUG_INFORMATION_FORMAT = "dwarf-with-dsym";
				ENABLE_NS_ASSERTIONS = NO;
				ENABLE_STRICT_OBJC_MSGSEND = YES;
				GCC_C_LANGUAGE_STANDARD = gnu11;
				GCC_NO_COMMON_BLOCKS = YES;
				GCC_WARN_64_TO_32_BIT_CONVERSION = YES;
				GCC_WARN_ABOUT_RETURN_TYPE = YES_ERROR;
				GCC_WARN_UNDECLARED_SELECTOR = YES;
				GCC_WARN_UNINITIALIZED_AUTOS = YES_AGGRESSIVE;
				GCC_WARN_UNUSED_FUNCTION = YES;
				GCC_WARN_UNUSED_VARIABLE = YES;
				MACOSX_DEPLOYMENT_TARGET = 13.0;
				MTL_ENABLE_DEBUG_INFO = NO;
				MTL_FAST_MATH = YES;
				SDKROOT = macosx;
				SWIFT_COMPILATION_MODE = wholemodule;
				SWIFT_OPTIMIZATION_LEVEL = "-O";
			};
			name = Release;
		};
		F4EEBC8C2969C54E007F0D5C /* Debug */ = {
			isa = XCBuildConfiguration;
			buildSettings = {
				CODE_SIGN_STYLE = Automatic;
				DEVELOPMENT_TEAM = 5MBSD6A2X9;
				ENABLE_HARDENED_RUNTIME = YES;
				PRODUCT_NAME = "$(TARGET_NAME)";
				SWIFT_VERSION = 5.0;
			};
			name = Debug;
		};
		F4EEBC8D2969C54E007F0D5C /* Release */ = {
			isa = XCBuildConfiguration;
			buildSettings = {
				CODE_SIGN_STYLE = Automatic;
				DEVELOPMENT_TEAM = 5MBSD6A2X9;
				ENABLE_HARDENED_RUNTIME = YES;
				PRODUCT_NAME = "$(TARGET_NAME)";
				SWIFT_VERSION = 5.0;
			};
			name = Release;
		};
/* End XCBuildConfiguration section */

/* Begin XCConfigurationList section */
		F4EEBC7F2969C54E007F0D5C /* Build configuration list for PBXProject "Arrays" */ = {
			isa = XCConfigurationList;
			buildConfigurations = (
				F4EEBC892969C54E007F0D5C /* Debug */,
				F4EEBC8A2969C54E007F0D5C /* Release */,
			);
			defaultConfigurationIsVisible = 0;
			defaultConfigurationName = Release;
		};
		F4EEBC8B2969C54E007F0D5C /* Build configuration list for PBXNativeTarget "Arrays" */ = {
			isa = XCConfigurationList;
			buildConfigurations = (
				F4EEBC8C2969C54E007F0D5C /* Debug */,
				F4EEBC8D2969C54E007F0D5C /* Release */,
			);
			defaultConfigurationIsVisible = 0;
			defaultConfigurationName = Release;
		};
/* End XCConfigurationList section */
	};
	rootObject = F4EEBC7C2969C54E007F0D5C /* Project object */;
}
