// !$*UTF8*$!
{
	archiveVersion = 1;
	classes = {
	};
	objectVersion = 56;
	objects = {

/* Begin PBXBuildFile section */
		F4D103FB296B106400C952B3 /* main.swift in Sources */ = {isa = PBXBuildFile; fileRef = F4D103FA296B106400C952B3 /* main.swift */; };
		F4D10402296B12DF00C952B3 /* Sample.swift in Sources */ = {isa = PBXBuildFile; fileRef = F4D10401296B12DF00C952B3 /* Sample.swift */; };
		F4D10404296B131500C952B3 /* WhereClause.swift in Sources */ = {isa = PBXBuildFile; fileRef = F4D10403296B131500C952B3 /* WhereClause.swift */; };
		F4D10406296B141600C952B3 /* Exercise1.swift in Sources */ = {isa = PBXBuildFile; fileRef = F4D10405296B141600C952B3 /* Exercise1.swift */; };
		F4D1040A296B154800C952B3 /* Exercise2.swift in Sources */ = {isa = PBXBuildFile; fileRef = F4D10409296B154800C952B3 /* Exercise2.swift */; };
		F4D1040C296B287000C952B3 /* Exercise3.swift in Sources */ = {isa = PBXBuildFile; fileRef = F4D1040B296B287000C952B3 /* Exercise3.swift */; };
		F4D1040E296B2C3D00C952B3 /* IteratingCollections.swift in Sources */ = {isa = PBXBuildFile; fileRef = F4D1040D296B2C3D00C952B3 /* IteratingCollections.swift */; };
/* End PBXBuildFile section */

/* Begin PBXCopyFilesBuildPhase section */
		F4D103F5296B106400C952B3 /* CopyFiles */ = {
			isa = PBXCopyFilesBuildPhase;
			buildActionMask = 2147483647;
			dstPath = /usr/share/man/man1/;
			dstSubfolderSpec = 0;
			files = (
			);
			runOnlyForDeploymentPostprocessing = 1;
		};
/* End PBXCopyFilesBuildPhase section */

/* Begin PBXFileReference section */
		F4D103F7296B106400C952B3 /* ForLoops */ = {isa = PBXFileReference; explicitFileType = "compiled.mach-o.executable"; includeInIndex = 0; path = ForLoops; sourceTree = BUILT_PRODUCTS_DIR; };
		F4D103FA296B106400C952B3 /* main.swift */ = {isa = PBXFileReference; lastKnownFileType = sourcecode.swift; path = main.swift; sourceTree = "<group>"; };
		F4D10401296B12DF00C952B3 /* Sample.swift */ = {isa = PBXFileReference; lastKnownFileType = sourcecode.swift; path = Sample.swift; sourceTree = "<group>"; };
		F4D10403296B131500C952B3 /* WhereClause.swift */ = {isa = PBXFileReference; lastKnownFileType = sourcecode.swift; path = WhereClause.swift; sourceTree = "<group>"; };
		F4D10405296B141600C952B3 /* Exercise1.swift */ = {isa = PBXFileReference; lastKnownFileType = sourcecode.swift; path = Exercise1.swift; sourceTree = "<group>"; };
		F4D10409296B154800C952B3 /* Exercise2.swift */ = {isa = PBXFileReference; lastKnownFileType = sourcecode.swift; path = Exercise2.swift; sourceTree = "<group>"; };
		F4D1040B296B287000C952B3 /* Exercise3.swift */ = {isa = PBXFileReference; lastKnownFileType = sourcecode.swift; path = Exercise3.swift; sourceTree = "<group>"; };
		F4D1040D296B2C3D00C952B3 /* IteratingCollections.swift */ = {isa = PBXFileReference; lastKnownFileType = sourcecode.swift; path = IteratingCollections.swift; sourceTree = "<group>"; };
/* End PBXFileReference section */

/* Begin PBXFrameworksBuildPhase section */
		F4D103F4296B106400C952B3 /* Frameworks */ = {
			isa = PBXFrameworksBuildPhase;
			buildActionMask = 2147483647;
			files = (
			);
			runOnlyForDeploymentPostprocessing = 0;
		};
/* End PBXFrameworksBuildPhase section */

/* Begin PBXGroup section */
		F4D103EE296B106400C952B3 = {
			isa = PBXGroup;
			children = (
				F4D1040D296B2C3D00C952B3 /* IteratingCollections.swift */,
				F4D103F9296B106400C952B3 /* ForLoops */,
				F4D103F8296B106400C952B3 /* Products */,
			);
			sourceTree = "<group>";
		};
		F4D103F8296B106400C952B3 /* Products */ = {
			isa = PBXGroup;
			children = (
				F4D103F7296B106400C952B3 /* ForLoops */,
			);
			name = Products;
			sourceTree = "<group>";
		};
		F4D103F9296B106400C952B3 /* ForLoops */ = {
			isa = PBXGroup;
			children = (
				F4D103FA296B106400C952B3 /* main.swift */,
				F4D10405296B141600C952B3 /* Exercise1.swift */,
				F4D10409296B154800C952B3 /* Exercise2.swift */,
				F4D10403296B131500C952B3 /* WhereClause.swift */,
				F4D10401296B12DF00C952B3 /* Sample.swift */,
				F4D1040B296B287000C952B3 /* Exercise3.swift */,
			);
			path = ForLoops;
			sourceTree = "<group>";
		};
/* End PBXGroup section */

/* Begin PBXNativeTarget section */
		F4D103F6296B106400C952B3 /* ForLoops */ = {
			isa = PBXNativeTarget;
			buildConfigurationList = F4D103FE296B106400C952B3 /* Build configuration list for PBXNativeTarget "ForLoops" */;
			buildPhases = (
				F4D103F3296B106400C952B3 /* Sources */,
				F4D103F4296B106400C952B3 /* Frameworks */,
				F4D103F5296B106400C952B3 /* CopyFiles */,
			);
			buildRules = (
			);
			dependencies = (
			);
			name = ForLoops;
			productName = ForLoops;
			productReference = F4D103F7296B106400C952B3 /* ForLoops */;
			productType = "com.apple.product-type.tool";
		};
/* End PBXNativeTarget section */

/* Begin PBXProject section */
		F4D103EF296B106400C952B3 /* Project object */ = {
			isa = PBXProject;
			attributes = {
				BuildIndependentTargetsInParallel = 1;
				LastSwiftUpdateCheck = 1410;
				LastUpgradeCheck = 1410;
				TargetAttributes = {
					F4D103F6296B106400C952B3 = {
						CreatedOnToolsVersion = 14.1;
					};
				};
			};
			buildConfigurationList = F4D103F2296B106400C952B3 /* Build configuration list for PBXProject "ForLoops" */;
			compatibilityVersion = "Xcode 14.0";
			developmentRegion = en;
			hasScannedForEncodings = 0;
			knownRegions = (
				en,
				Base,
			);
			mainGroup = F4D103EE296B106400C952B3;
			productRefGroup = F4D103F8296B106400C952B3 /* Products */;
			projectDirPath = "";
			projectRoot = "";
			targets = (
				F4D103F6296B106400C952B3 /* ForLoops */,
			);
		};
/* End PBXProject section */

/* Begin PBXSourcesBuildPhase section */
		F4D103F3296B106400C952B3 /* Sources */ = {
			isa = PBXSourcesBuildPhase;
			buildActionMask = 2147483647;
			files = (
				F4D103FB296B106400C952B3 /* main.swift in Sources */,
				F4D1040C296B287000C952B3 /* Exercise3.swift in Sources */,
				F4D1040A296B154800C952B3 /* Exercise2.swift in Sources */,
				F4D10404296B131500C952B3 /* WhereClause.swift in Sources */,
				F4D1040E296B2C3D00C952B3 /* IteratingCollections.swift in Sources */,
				F4D10402296B12DF00C952B3 /* Sample.swift in Sources */,
				F4D10406296B141600C952B3 /* Exercise1.swift in Sources */,
			);
			runOnlyForDeploymentPostprocessing = 0;
		};
/* End PBXSourcesBuildPhase section */

/* Begin XCBuildConfiguration section */
		F4D103FC296B106400C952B3 /* Debug */ = {
			isa = XCBuildConfiguration;
			buildSettings = {
				ALWAYS_SEARCH_USER_PATHS = NO;
				CLANG_ANALYZER_NONNULL = YES;
				CLANG_ANALYZER_NUMBER_OBJECT_CONVERSION = YES_AGGRESSIVE;
				CLANG_CXX_LANGUAGE_STANDARD = "gnu++20";
				CLANG_ENABLE_MODULES = YES;
				CLANG_ENABLE_OBJC_ARC = YES;
				CLANG_ENABLE_OBJC_WEAK = YES;
				CLANG_WARN_BLOCK_CAPTURE_AUTORELEASING = YES;
				CLANG_WARN_BOOL_CONVERSION = YES;
				CLANG_WARN_COMMA = YES;
				CLANG_WARN_CONSTANT_CONVERSION = YES;
				CLANG_WARN_DEPRECATED_OBJC_IMPLEMENTATIONS = YES;
				CLANG_WARN_DIRECT_OBJC_ISA_USAGE = YES_ERROR;
				CLANG_WARN_DOCUMENTATION_COMMENTS = YES;
				CLANG_WARN_EMPTY_BODY = YES;
				CLANG_WARN_ENUM_CONVERSION = YES;
				CLANG_WARN_INFINITE_RECURSION = YES;
				CLANG_WARN_INT_CONVERSION = YES;
				CLANG_WARN_NON_LITERAL_NULL_CONVERSION = YES;
				CLANG_WARN_OBJC_IMPLICIT_RETAIN_SELF = YES;
				CLANG_WARN_OBJC_LITERAL_CONVERSION = YES;
				CLANG_WARN_OBJC_ROOT_CLASS = YES_ERROR;
				CLANG_WARN_QUOTED_INCLUDE_IN_FRAMEWORK_HEADER = YES;
				CLANG_WARN_RANGE_LOOP_ANALYSIS = YES;
				CLANG_WARN_STRICT_PROTOTYPES = YES;
				CLANG_WARN_SUSPICIOUS_MOVE = YES;
				CLANG_WARN_UNGUARDED_AVAILABILITY = YES_AGGRESSIVE;
				CLANG_WARN_UNREACHABLE_CODE = YES;
				CLANG_WARN__DUPLICATE_METHOD_MATCH = YES;
				COPY_PHASE_STRIP = NO;
				DEBUG_INFORMATION_FORMAT = dwarf;
				ENABLE_STRICT_OBJC_MSGSEND = YES;
				ENABLE_TESTABILITY = YES;
				GCC_C_LANGUAGE_STANDARD = gnu11;
				GCC_DYNAMIC_NO_PIC = NO;
				GCC_NO_COMMON_BLOCKS = YES;
				GCC_OPTIMIZATION_LEVEL = 0;
				GCC_PREPROCESSOR_DEFINITIONS = (
					"DEBUG=1",
					"$(inherited)",
				);
				GCC_WARN_64_TO_32_BIT_CONVERSION = YES;
				GCC_WARN_ABOUT_RETURN_TYPE = YES_ERROR;
				GCC_WARN_UNDECLARED_SELECTOR = YES;
				GCC_WARN_UNINITIALIZED_AUTOS = YES_AGGRESSIVE;
				GCC_WARN_UNUSED_FUNCTION = YES;
				GCC_WARN_UNUSED_VARIABLE = YES;
				MACOSX_DEPLOYMENT_TARGET = 13.0;
				MTL_ENABLE_DEBUG_INFO = INCLUDE_SOURCE;
				MTL_FAST_MATH = YES;
				ONLY_ACTIVE_ARCH = YES;
				SDKROOT = macosx;
				SWIFT_ACTIVE_COMPILATION_CONDITIONS = DEBUG;
				SWIFT_OPTIMIZATION_LEVEL = "-Onone";
			};
			name = Debug;
		};
		F4D103FD296B106400C952B3 /* Release */ = {
			isa = XCBuildConfiguration;
			buildSettings = {
				ALWAYS_SEARCH_USER_PATHS = NO;
				CLANG_ANALYZER_NONNULL = YES;
				CLANG_ANALYZER_NUMBER_OBJECT_CONVERSION = YES_AGGRESSIVE;
				CLANG_CXX_LANGUAGE_STANDARD = "gnu++20";
				CLANG_ENABLE_MODULES = YES;
				CLANG_ENABLE_OBJC_ARC = YES;
				CLANG_ENABLE_OBJC_WEAK = YES;
				CLANG_WARN_BLOCK_CAPTURE_AUTORELEASING = YES;
				CLANG_WARN_BOOL_CONVERSION = YES;
				CLANG_WARN_COMMA = YES;
				CLANG_WARN_CONSTANT_CONVERSION = YES;
				CLANG_WARN_DEPRECATED_OBJC_IMPLEMENTATIONS = YES;
				CLANG_WARN_DIRECT_OBJC_ISA_USAGE = YES_ERROR;
				CLANG_WARN_DOCUMENTATION_COMMENTS = YES;
				CLANG_WARN_EMPTY_BODY = YES;
				CLANG_WARN_ENUM_CONVERSION = YES;
				CLANG_WARN_INFINITE_RECURSION = YES;
				CLANG_WARN_INT_CONVERSION = YES;
				CLANG_WARN_NON_LITERAL_NULL_CONVERSION = YES;
				CLANG_WARN_OBJC_IMPLICIT_RETAIN_SELF = YES;
				CLANG_WARN_OBJC_LITERAL_CONVERSION = YES;
				CLANG_WARN_OBJC_ROOT_CLASS = YES_ERROR;
				CLANG_WARN_QUOTED_INCLUDE_IN_FRAMEWORK_HEADER = YES;
				CLANG_WARN_RANGE_LOOP_ANALYSIS = YES;
				CLANG_WARN_STRICT_PROTOTYPES = YES;
				CLANG_WARN_SUSPICIOUS_MOVE = YES;
				CLANG_WARN_UNGUARDED_AVAILABILITY = YES_AGGRESSIVE;
				CLANG_WARN_UNREACHABLE_CODE = YES;
				CLANG_WARN__DUPLICATE_METHOD_MATCH = YES;
				COPY_PHASE_STRIP = NO;
				DEBUG_INFORMATION_FORMAT = "dwarf-with-dsym";
				ENABLE_NS_ASSERTIONS = NO;
				ENABLE_STRICT_OBJC_MSGSEND = YES;
				GCC_C_LANGUAGE_STANDARD = gnu11;
				GCC_NO_COMMON_BLOCKS = YES;
				GCC_WARN_64_TO_32_BIT_CONVERSION = YES;
				GCC_WARN_ABOUT_RETURN_TYPE = YES_ERROR;
				GCC_WARN_UNDECLARED_SELECTOR = YES;
				GCC_WARN_UNINITIALIZED_AUTOS = YES_AGGRESSIVE;
				GCC_WARN_UNUSED_FUNCTION = YES;
				GCC_WARN_UNUSED_VARIABLE = YES;
				MACOSX_DEPLOYMENT_TARGET = 13.0;
				MTL_ENABLE_DEBUG_INFO = NO;
				MTL_FAST_MATH = YES;
				SDKROOT = macosx;
				SWIFT_COMPILATION_MODE = wholemodule;
				SWIFT_OPTIMIZATION_LEVEL = "-O";
			};
			name = Release;
		};
		F4D103FF296B106400C952B3 /* Debug */ = {
			isa = XCBuildConfiguration;
			buildSettings = {
				CODE_SIGN_STYLE = Automatic;
				DEVELOPMENT_TEAM = 5MBSD6A2X9;
				ENABLE_HARDENED_RUNTIME = YES;
				PRODUCT_NAME = "$(TARGET_NAME)";
				SWIFT_VERSION = 5.0;
			};
			name = Debug;
		};
		F4D10400296B106400C952B3 /* Release */ = {
			isa = XCBuildConfiguration;
			buildSettings = {
				CODE_SIGN_STYLE = Automatic;
				DEVELOPMENT_TEAM = 5MBSD6A2X9;
				ENABLE_HARDENED_RUNTIME = YES;
				PRODUCT_NAME = "$(TARGET_NAME)";
				SWIFT_VERSION = 5.0;
			};
			name = Release;
		};
/* End XCBuildConfiguration section */

/* Begin XCConfigurationList section */
		F4D103F2296B106400C952B3 /* Build configuration list for PBXProject "ForLoops" */ = {
			isa = XCConfigurationList;
			buildConfigurations = (
				F4D103FC296B106400C952B3 /* Debug */,
				F4D103FD296B106400C952B3 /* Release */,
			);
			defaultConfigurationIsVisible = 0;
			defaultConfigurationName = Release;
		};
		F4D103FE296B106400C952B3 /* Build configuration list for PBXNativeTarget "ForLoops" */ = {
			isa = XCConfigurationList;
			buildConfigurations = (
				F4D103FF296B106400C952B3 /* Debug */,
				F4D10400296B106400C952B3 /* Release */,
			);
			defaultConfigurationIsVisible = 0;
			defaultConfigurationName = Release;
		};
/* End XCConfigurationList section */
	};
	rootObject = F4D103EF296B106400C952B3 /* Project object */;
}
